
Microsoft Visual Studio Solution File, Format Version 12.00
# Visual Studio Version 16
VisualStudioVersion = 16.0.31205.134
MinimumVisualStudioVersion = 10.0.40219.1
Project("{8BC9CEB8-8B4A-11D0-8D11-00A0C91BC942}") = "lab prg 8", "lab prg 8.vcxproj", "{FA605EE4-EEDB-4AB5-9642-9B18B052C641}"
EndProject
Global
	GlobalSection(SolutionConfigurationPlatforms) = preSolution
		Debug|x64 = Debug|x64
		Debug|x86 = Debug|x86
		Release|x64 = Release|x64
		Release|x86 = Release|x86
	EndGlobalSection
	GlobalSection(ProjectConfigurationPlatforms) = postSolution
		{FA605EE4-EEDB-4AB5-9642-9B18B052C641}.Debug|x64.ActiveCfg = Debug|x64
		{FA605EE4-EEDB-4AB5-9642-9B18B052C641}.Debug|x64.Build.0 = Debug|x64
		{FA605EE4-EEDB-4AB5-9642-9B18B052C641}.Debug|x86.ActiveCfg = Debug|Win32
		{FA605EE4-EEDB-4AB5-9642-9B18B052C641}.Debug|x86.Build.0 = Debug|Win32
		{FA605EE4-EEDB-4AB5-9642-9B18B052C641}.Release|x64.ActiveCfg = Release|x64
		{FA605EE4-EEDB-4AB5-9642-9B18B052C641}.Release|x64.Build.0 = Release|x64
		{FA605EE4-EEDB-4AB5-9642-9B18B052C641}.Release|x86.ActiveCfg = Release|Win32
		{FA605EE4-EEDB-4AB5-9642-9B18B052C641}.Release|x86.Build.0 = Release|Win32
	EndGlobalSection
	GlobalSection(SolutionProperties) = preSolution
		HideSolutionNode = FALSE
	EndGlobalSection
	GlobalSection(ExtensibilityGlobals) = postSolution
		SolutionGuid = {84BA4E5F-572D-446F-98D4-2D13F8FC5649}
	EndGlobalSection
EndGlobal
